
Microsoft Visual Studio Solution File, Format Version 12.00
# Visual Studio Version 17
VisualStudioVersion = 17.0.31903.59
MinimumVisualStudioVersion = 10.0.40219.1
Project("{2150E333-8FDC-42A3-9474-1A3956D46DE8}") = "src", "src", "{827E0CD3-B72D-47B6-A68D-7590B98EB39B}"
EndProject
Project("{2150E333-8FDC-42A3-9474-1A3956D46DE8}") = "Backend", "Backend", "{FE360695-3F2B-1049-3887-35FBB5135923}"
EndProject
Project("{FAE04EC0-301F-11D3-BF4B-00C04F79EFBC}") = "VetGest.Domain", "src\Backend\VetGest.Domain\VetGest.Domain.csproj", "{6BE8D4B7-8D7C-4904-8689-E86EA601381C}"
EndProject
Project("{FAE04EC0-301F-11D3-BF4B-00C04F79EFBC}") = "VetGest.Application", "src\Backend\VetGest.Application\VetGest.Application.csproj", "{E355AAD2-E6CE-4ACE-9C23-E14D6231D0D0}"
EndProject
Project("{FAE04EC0-301F-11D3-BF4B-00C04F79EFBC}") = "VetGest.Infrastructure", "src\Backend\VetGest.Infrastructure\VetGest.Infrastructure.csproj", "{2814457A-B6B5-411F-B0F6-97BB532E9315}"
EndProject
Project("{FAE04EC0-301F-11D3-BF4B-00C04F79EFBC}") = "VetGest.API", "src\Backend\VetGest.API\VetGest.API.csproj", "{A33C8D23-C083-44C7-8D14-427F1FE8B19D}"
EndProject
Project("{2150E333-8FDC-42A3-9474-1A3956D46DE8}") = "Shared", "Shared", "{C8E42992-5E42-0C2B-DBFE-AA848D06431C}"
EndProject
Project("{FAE04EC0-301F-11D3-BF4B-00C04F79EFBC}") = "VetGest.Contracts", "src\Shared\VetGest.Contracts\VetGest.Contracts.csproj", "{7F30F20F-34A3-4541-9EBD-DC8AA905AD95}"
EndProject
Project("{2150E333-8FDC-42A3-9474-1A3956D46DE8}") = "tests", "tests", "{0AB3BF05-4346-4AA6-1389-037BE0695223}"
EndProject
Project("{FAE04EC0-301F-11D3-BF4B-00C04F79EFBC}") = "VetGest.Domain.Tests", "tests\VetGest.Domain.Tests\VetGest.Domain.Tests.csproj", "{EECA1ADE-666F-4127-8E93-40F267716E35}"
EndProject
Project("{FAE04EC0-301F-11D3-BF4B-00C04F79EFBC}") = "VetGest.Application.Tests", "tests\VetGest.Application.Tests\VetGest.Application.Tests.csproj", "{082F2DB1-A5D0-4D9D-8115-3CA629B496E1}"
EndProject
Project("{FAE04EC0-301F-11D3-BF4B-00C04F79EFBC}") = "VetGest.Infrastructure.Tests", "tests\VetGest.Infrastructure.Tests\VetGest.Infrastructure.Tests.csproj", "{3986AE6F-BC76-4ACB-A2DB-8F519AA19548}"
EndProject
Global
	GlobalSection(SolutionConfigurationPlatforms) = preSolution
		Debug|Any CPU = Debug|Any CPU
		Debug|x64 = Debug|x64
		Debug|x86 = Debug|x86
		Release|Any CPU = Release|Any CPU
		Release|x64 = Release|x64
		Release|x86 = Release|x86
	EndGlobalSection
	GlobalSection(ProjectConfigurationPlatforms) = postSolution
		{6BE8D4B7-8D7C-4904-8689-E86EA601381C}.Debug|Any CPU.ActiveCfg = Debug|Any CPU
		{6BE8D4B7-8D7C-4904-8689-E86EA601381C}.Debug|Any CPU.Build.0 = Debug|Any CPU
		{6BE8D4B7-8D7C-4904-8689-E86EA601381C}.Debug|x64.ActiveCfg = Debug|Any CPU
		{6BE8D4B7-8D7C-4904-8689-E86EA601381C}.Debug|x64.Build.0 = Debug|Any CPU
		{6BE8D4B7-8D7C-4904-8689-E86EA601381C}.Debug|x86.ActiveCfg = Debug|Any CPU
		{6BE8D4B7-8D7C-4904-8689-E86EA601381C}.Debug|x86.Build.0 = Debug|Any CPU
		{6BE8D4B7-8D7C-4904-8689-E86EA601381C}.Release|Any CPU.ActiveCfg = Release|Any CPU
		{6BE8D4B7-8D7C-4904-8689-E86EA601381C}.Release|Any CPU.Build.0 = Release|Any CPU
		{6BE8D4B7-8D7C-4904-8689-E86EA601381C}.Release|x64.ActiveCfg = Release|Any CPU
		{6BE8D4B7-8D7C-4904-8689-E86EA601381C}.Release|x64.Build.0 = Release|Any CPU
		{6BE8D4B7-8D7C-4904-8689-E86EA601381C}.Release|x86.ActiveCfg = Release|Any CPU
		{6BE8D4B7-8D7C-4904-8689-E86EA601381C}.Release|x86.Build.0 = Release|Any CPU
		{E355AAD2-E6CE-4ACE-9C23-E14D6231D0D0}.Debug|Any CPU.ActiveCfg = Debug|Any CPU
		{E355AAD2-E6CE-4ACE-9C23-E14D6231D0D0}.Debug|Any CPU.Build.0 = Debug|Any CPU
		{E355AAD2-E6CE-4ACE-9C23-E14D6231D0D0}.Debug|x64.ActiveCfg = Debug|Any CPU
		{E355AAD2-E6CE-4ACE-9C23-E14D6231D0D0}.Debug|x64.Build.0 = Debug|Any CPU
		{E355AAD2-E6CE-4ACE-9C23-E14D6231D0D0}.Debug|x86.ActiveCfg = Debug|Any CPU
		{E355AAD2-E6CE-4ACE-9C23-E14D6231D0D0}.Debug|x86.Build.0 = Debug|Any CPU
		{E355AAD2-E6CE-4ACE-9C23-E14D6231D0D0}.Release|Any CPU.ActiveCfg = Release|Any CPU
		{E355AAD2-E6CE-4ACE-9C23-E14D6231D0D0}.Release|Any CPU.Build.0 = Release|Any CPU
		{E355AAD2-E6CE-4ACE-9C23-E14D6231D0D0}.Release|x64.ActiveCfg = Release|Any CPU
		{E355AAD2-E6CE-4ACE-9C23-E14D6231D0D0}.Release|x64.Build.0 = Release|Any CPU
		{E355AAD2-E6CE-4ACE-9C23-E14D6231D0D0}.Release|x86.ActiveCfg = Release|Any CPU
		{E355AAD2-E6CE-4ACE-9C23-E14D6231D0D0}.Release|x86.Build.0 = Release|Any CPU
		{2814457A-B6B5-411F-B0F6-97BB532E9315}.Debug|Any CPU.ActiveCfg = Debug|Any CPU
		{2814457A-B6B5-411F-B0F6-97BB532E9315}.Debug|Any CPU.Build.0 = Debug|Any CPU
		{2814457A-B6B5-411F-B0F6-97BB532E9315}.Debug|x64.ActiveCfg = Debug|Any CPU
		{2814457A-B6B5-411F-B0F6-97BB532E9315}.Debug|x64.Build.0 = Debug|Any CPU
		{2814457A-B6B5-411F-B0F6-97BB532E9315}.Debug|x86.ActiveCfg = Debug|Any CPU
		{2814457A-B6B5-411F-B0F6-97BB532E9315}.Debug|x86.Build.0 = Debug|Any CPU
		{2814457A-B6B5-411F-B0F6-97BB532E9315}.Release|Any CPU.ActiveCfg = Release|Any CPU
		{2814457A-B6B5-411F-B0F6-97BB532E9315}.Release|Any CPU.Build.0 = Release|Any CPU
		{2814457A-B6B5-411F-B0F6-97BB532E9315}.Release|x64.ActiveCfg = Release|Any CPU
		{2814457A-B6B5-411F-B0F6-97BB532E9315}.Release|x64.Build.0 = Release|Any CPU
		{2814457A-B6B5-411F-B0F6-97BB532E9315}.Release|x86.ActiveCfg = Release|Any CPU
		{2814457A-B6B5-411F-B0F6-97BB532E9315}.Release|x86.Build.0 = Release|Any CPU
		{A33C8D23-C083-44C7-8D14-427F1FE8B19D}.Debug|Any CPU.ActiveCfg = Debug|Any CPU
		{A33C8D23-C083-44C7-8D14-427F1FE8B19D}.Debug|Any CPU.Build.0 = Debug|Any CPU
		{A33C8D23-C083-44C7-8D14-427F1FE8B19D}.Debug|x64.ActiveCfg = Debug|Any CPU
		{A33C8D23-C083-44C7-8D14-427F1FE8B19D}.Debug|x64.Build.0 = Debug|Any CPU
		{A33C8D23-C083-44C7-8D14-427F1FE8B19D}.Debug|x86.ActiveCfg = Debug|Any CPU
		{A33C8D23-C083-44C7-8D14-427F1FE8B19D}.Debug|x86.Build.0 = Debug|Any CPU
		{A33C8D23-C083-44C7-8D14-427F1FE8B19D}.Release|Any CPU.ActiveCfg = Release|Any CPU
		{A33C8D23-C083-44C7-8D14-427F1FE8B19D}.Release|Any CPU.Build.0 = Release|Any CPU
		{A33C8D23-C083-44C7-8D14-427F1FE8B19D}.Release|x64.ActiveCfg = Release|Any CPU
		{A33C8D23-C083-44C7-8D14-427F1FE8B19D}.Release|x64.Build.0 = Release|Any CPU
		{A33C8D23-C083-44C7-8D14-427F1FE8B19D}.Release|x86.ActiveCfg = Release|Any CPU
		{A33C8D23-C083-44C7-8D14-427F1FE8B19D}.Release|x86.Build.0 = Release|Any CPU
		{7F30F20F-34A3-4541-9EBD-DC8AA905AD95}.Debug|Any CPU.ActiveCfg = Debug|Any CPU
		{7F30F20F-34A3-4541-9EBD-DC8AA905AD95}.Debug|Any CPU.Build.0 = Debug|Any CPU
		{7F30F20F-34A3-4541-9EBD-DC8AA905AD95}.Debug|x64.ActiveCfg = Debug|Any CPU
		{7F30F20F-34A3-4541-9EBD-DC8AA905AD95}.Debug|x64.Build.0 = Debug|Any CPU
		{7F30F20F-34A3-4541-9EBD-DC8AA905AD95}.Debug|x86.ActiveCfg = Debug|Any CPU
		{7F30F20F-34A3-4541-9EBD-DC8AA905AD95}.Debug|x86.Build.0 = Debug|Any CPU
		{7F30F20F-34A3-4541-9EBD-DC8AA905AD95}.Release|Any CPU.ActiveCfg = Release|Any CPU
		{7F30F20F-34A3-4541-9EBD-DC8AA905AD95}.Release|Any CPU.Build.0 = Release|Any CPU
		{7F30F20F-34A3-4541-9EBD-DC8AA905AD95}.Release|x64.ActiveCfg = Release|Any CPU
		{7F30F20F-34A3-4541-9EBD-DC8AA905AD95}.Release|x64.Build.0 = Release|Any CPU
		{7F30F20F-34A3-4541-9EBD-DC8AA905AD95}.Release|x86.ActiveCfg = Release|Any CPU
		{7F30F20F-34A3-4541-9EBD-DC8AA905AD95}.Release|x86.Build.0 = Release|Any CPU
		{EECA1ADE-666F-4127-8E93-40F267716E35}.Debug|Any CPU.ActiveCfg = Debug|Any CPU
		{EECA1ADE-666F-4127-8E93-40F267716E35}.Debug|Any CPU.Build.0 = Debug|Any CPU
		{EECA1ADE-666F-4127-8E93-40F267716E35}.Debug|x64.ActiveCfg = Debug|Any CPU
		{EECA1ADE-666F-4127-8E93-40F267716E35}.Debug|x64.Build.0 = Debug|Any CPU
		{EECA1ADE-666F-4127-8E93-40F267716E35}.Debug|x86.ActiveCfg = Debug|Any CPU
		{EECA1ADE-666F-4127-8E93-40F267716E35}.Debug|x86.Build.0 = Debug|Any CPU
		{EECA1ADE-666F-4127-8E93-40F267716E35}.Release|Any CPU.ActiveCfg = Release|Any CPU
		{EECA1ADE-666F-4127-8E93-40F267716E35}.Release|Any CPU.Build.0 = Release|Any CPU
		{EECA1ADE-666F-4127-8E93-40F267716E35}.Release|x64.ActiveCfg = Release|Any CPU
		{EECA1ADE-666F-4127-8E93-40F267716E35}.Release|x64.Build.0 = Release|Any CPU
		{EECA1ADE-666F-4127-8E93-40F267716E35}.Release|x86.ActiveCfg = Release|Any CPU
		{EECA1ADE-666F-4127-8E93-40F267716E35}.Release|x86.Build.0 = Release|Any CPU
		{082F2DB1-A5D0-4D9D-8115-3CA629B496E1}.Debug|Any CPU.ActiveCfg = Debug|Any CPU
		{082F2DB1-A5D0-4D9D-8115-3CA629B496E1}.Debug|Any CPU.Build.0 = Debug|Any CPU
		{082F2DB1-A5D0-4D9D-8115-3CA629B496E1}.Debug|x64.ActiveCfg = Debug|Any CPU
		{082F2DB1-A5D0-4D9D-8115-3CA629B496E1}.Debug|x64.Build.0 = Debug|Any CPU
		{082F2DB1-A5D0-4D9D-8115-3CA629B496E1}.Debug|x86.ActiveCfg = Debug|Any CPU
		{082F2DB1-A5D0-4D9D-8115-3CA629B496E1}.Debug|x86.Build.0 = Debug|Any CPU
		{082F2DB1-A5D0-4D9D-8115-3CA629B496E1}.Release|Any CPU.ActiveCfg = Release|Any CPU
		{082F2DB1-A5D0-4D9D-8115-3CA629B496E1}.Release|Any CPU.Build.0 = Release|Any CPU
		{082F2DB1-A5D0-4D9D-8115-3CA629B496E1}.Release|x64.ActiveCfg = Release|Any CPU
		{082F2DB1-A5D0-4D9D-8115-3CA629B496E1}.Release|x64.Build.0 = Release|Any CPU
		{082F2DB1-A5D0-4D9D-8115-3CA629B496E1}.Release|x86.ActiveCfg = Release|Any CPU
		{082F2DB1-A5D0-4D9D-8115-3CA629B496E1}.Release|x86.Build.0 = Release|Any CPU
		{3986AE6F-BC76-4ACB-A2DB-8F519AA19548}.Debug|Any CPU.ActiveCfg = Debug|Any CPU
		{3986AE6F-BC76-4ACB-A2DB-8F519AA19548}.Debug|Any CPU.Build.0 = Debug|Any CPU
		{3986AE6F-BC76-4ACB-A2DB-8F519AA19548}.Debug|x64.ActiveCfg = Debug|Any CPU
		{3986AE6F-BC76-4ACB-A2DB-8F519AA19548}.Debug|x64.Build.0 = Debug|Any CPU
		{3986AE6F-BC76-4ACB-A2DB-8F519AA19548}.Debug|x86.ActiveCfg = Debug|Any CPU
		{3986AE6F-BC76-4ACB-A2DB-8F519AA19548}.Debug|x86.Build.0 = Debug|Any CPU
		{3986AE6F-BC76-4ACB-A2DB-8F519AA19548}.Release|Any CPU.ActiveCfg = Release|Any CPU
		{3986AE6F-BC76-4ACB-A2DB-8F519AA19548}.Release|Any CPU.Build.0 = Release|Any CPU
		{3986AE6F-BC76-4ACB-A2DB-8F519AA19548}.Release|x64.ActiveCfg = Release|Any CPU
		{3986AE6F-BC76-4ACB-A2DB-8F519AA19548}.Release|x64.Build.0 = Release|Any CPU
		{3986AE6F-BC76-4ACB-A2DB-8F519AA19548}.Release|x86.ActiveCfg = Release|Any CPU
		{3986AE6F-BC76-4ACB-A2DB-8F519AA19548}.Release|x86.Build.0 = Release|Any CPU
	EndGlobalSection
	GlobalSection(SolutionProperties) = preSolution
		HideSolutionNode = FALSE
	EndGlobalSection
	GlobalSection(NestedProjects) = preSolution
		{FE360695-3F2B-1049-3887-35FBB5135923} = {827E0CD3-B72D-47B6-A68D-7590B98EB39B}
		{6BE8D4B7-8D7C-4904-8689-E86EA601381C} = {FE360695-3F2B-1049-3887-35FBB5135923}
		{E355AAD2-E6CE-4ACE-9C23-E14D6231D0D0} = {FE360695-3F2B-1049-3887-35FBB5135923}
		{2814457A-B6B5-411F-B0F6-97BB532E9315} = {FE360695-3F2B-1049-3887-35FBB5135923}
		{A33C8D23-C083-44C7-8D14-427F1FE8B19D} = {FE360695-3F2B-1049-3887-35FBB5135923}
		{C8E42992-5E42-0C2B-DBFE-AA848D06431C} = {827E0CD3-B72D-47B6-A68D-7590B98EB39B}
		{7F30F20F-34A3-4541-9EBD-DC8AA905AD95} = {C8E42992-5E42-0C2B-DBFE-AA848D06431C}
		{EECA1ADE-666F-4127-8E93-40F267716E35} = {0AB3BF05-4346-4AA6-1389-037BE0695223}
		{082F2DB1-A5D0-4D9D-8115-3CA629B496E1} = {0AB3BF05-4346-4AA6-1389-037BE0695223}
		{3986AE6F-BC76-4ACB-A2DB-8F519AA19548} = {0AB3BF05-4346-4AA6-1389-037BE0695223}
	EndGlobalSection
EndGlobal
